// !$*UTF8*$!
{
	archiveVersion = 1;
	classes = {
	};
	objectVersion = 56;
	objects = {

/* Begin PBXBuildFile section */
		3C3DB34428F5EC5800FB4E0D /* TestCoreLocationApp.swift in Sources */ = {isa = PBXBuildFile; fileRef = 3C3DB34328F5EC5800FB4E0D /* TestCoreLocationApp.swift */; };
		3C3DB34628F5EC5800FB4E0D /* ContentView.swift in Sources */ = {isa = PBXBuildFile; fileRef = 3C3DB34528F5EC5800FB4E0D /* ContentView.swift */; };
		3C3DB34828F5EC5800FB4E0D /* Assets.xcassets in Resources */ = {isa = PBXBuildFile; fileRef = 3C3DB34728F5EC5800FB4E0D /* Assets.xcassets */; };
		3C3DB34B28F5EC5800FB4E0D /* Preview Assets.xcassets in Resources */ = {isa = PBXBuildFile; fileRef = 3C3DB34A28F5EC5800FB4E0D /* Preview Assets.xcassets */; };
		3C3DB35228F5EDBE00FB4E0D /* LocationRequestView.swift in Sources */ = {isa = PBXBuildFile; fileRef = 3C3DB35128F5EDBE00FB4E0D /* LocationRequestView.swift */; };
		3C3DB35428F5EDD400FB4E0D /* LocationManager.swift in Sources */ = {isa = PBXBuildFile; fileRef = 3C3DB35328F5EDD400FB4E0D /* LocationManager.swift */; };
		3C9A08D428F9E01E009E622D /* LocationValuesConverterViewModel.swift in Sources */ = {isa = PBXBuildFile; fileRef = 3C9A08D328F9E01E009E622D /* LocationValuesConverterViewModel.swift */; };
		3C9A08D728F9E50A009E622D /* WeatherViewModel.swift in Sources */ = {isa = PBXBuildFile; fileRef = 3C9A08D628F9E50A009E622D /* WeatherViewModel.swift */; };
/* End PBXBuildFile section */

/* Begin PBXFileReference section */
		3C3DB34028F5EC5800FB4E0D /* TestCoreLocation.app */ = {isa = PBXFileReference; explicitFileType = wrapper.application; includeInIndex = 0; path = TestCoreLocation.app; sourceTree = BUILT_PRODUCTS_DIR; };
		3C3DB34328F5EC5800FB4E0D /* TestCoreLocationApp.swift */ = {isa = PBXFileReference; lastKnownFileType = sourcecode.swift; path = TestCoreLocationApp.swift; sourceTree = "<group>"; };
		3C3DB34528F5EC5800FB4E0D /* ContentView.swift */ = {isa = PBXFileReference; lastKnownFileType = sourcecode.swift; path = ContentView.swift; sourceTree = "<group>"; };
		3C3DB34728F5EC5800FB4E0D /* Assets.xcassets */ = {isa = PBXFileReference; lastKnownFileType = folder.assetcatalog; path = Assets.xcassets; sourceTree = "<group>"; };
		3C3DB34A28F5EC5800FB4E0D /* Preview Assets.xcassets */ = {isa = PBXFileReference; lastKnownFileType = folder.assetcatalog; path = "Preview Assets.xcassets"; sourceTree = "<group>"; };
		3C3DB35128F5EDBE00FB4E0D /* LocationRequestView.swift */ = {isa = PBXFileReference; lastKnownFileType = sourcecode.swift; path = LocationRequestView.swift; sourceTree = "<group>"; };
		3C3DB35328F5EDD400FB4E0D /* LocationManager.swift */ = {isa = PBXFileReference; lastKnownFileType = sourcecode.swift; path = LocationManager.swift; sourceTree = "<group>"; };
		3C3DB35528F5F65600FB4E0D /* Info.plist */ = {isa = PBXFileReference; lastKnownFileType = text.plist; path = Info.plist; sourceTree = "<group>"; };
		3C9A08D328F9E01E009E622D /* LocationValuesConverterViewModel.swift */ = {isa = PBXFileReference; lastKnownFileType = sourcecode.swift; path = LocationValuesConverterViewModel.swift; sourceTree = "<group>"; };
		3C9A08D528F9E4F7009E622D /* TestCoreLocation.entitlements */ = {isa = PBXFileReference; lastKnownFileType = text.plist.entitlements; path = TestCoreLocation.entitlements; sourceTree = "<group>"; };
		3C9A08D628F9E50A009E622D /* WeatherViewModel.swift */ = {isa = PBXFileReference; lastKnownFileType = sourcecode.swift; path = WeatherViewModel.swift; sourceTree = "<group>"; };
/* End PBXFileReference section */

/* Begin PBXFrameworksBuildPhase section */
		3C3DB33D28F5EC5800FB4E0D /* Frameworks */ = {
			isa = PBXFrameworksBuildPhase;
			buildActionMask = 2147483647;
			files = (
			);
			runOnlyForDeploymentPostprocessing = 0;
		};
/* End PBXFrameworksBuildPhase section */

/* Begin PBXGroup section */
		3C3DB33728F5EC5800FB4E0D = {
			isa = PBXGroup;
			children = (
				3C3DB34228F5EC5800FB4E0D /* TestCoreLocation */,
				3C3DB34128F5EC5800FB4E0D /* Products */,
			);
			sourceTree = "<group>";
		};
		3C3DB34128F5EC5800FB4E0D /* Products */ = {
			isa = PBXGroup;
			children = (
				3C3DB34028F5EC5800FB4E0D /* TestCoreLocation.app */,
			);
			name = Products;
			sourceTree = "<group>";
		};
		3C3DB34228F5EC5800FB4E0D /* TestCoreLocation */ = {
			isa = PBXGroup;
			children = (
				3C9A08D528F9E4F7009E622D /* TestCoreLocation.entitlements */,
				3C3DB35528F5F65600FB4E0D /* Info.plist */,
				3C3DB34328F5EC5800FB4E0D /* TestCoreLocationApp.swift */,
				3C3DB34528F5EC5800FB4E0D /* ContentView.swift */,
				3C3DB35128F5EDBE00FB4E0D /* LocationRequestView.swift */,
				3C3DB35328F5EDD400FB4E0D /* LocationManager.swift */,
				3C9A08D328F9E01E009E622D /* LocationValuesConverterViewModel.swift */,
				3C9A08D628F9E50A009E622D /* WeatherViewModel.swift */,
				3C3DB34728F5EC5800FB4E0D /* Assets.xcassets */,
				3C3DB34928F5EC5800FB4E0D /* Preview Content */,
			);
			path = TestCoreLocation;
			sourceTree = "<group>";
		};
		3C3DB34928F5EC5800FB4E0D /* Preview Content */ = {
			isa = PBXGroup;
			children = (
				3C3DB34A28F5EC5800FB4E0D /* Preview Assets.xcassets */,
			);
			path = "Preview Content";
			sourceTree = "<group>";
		};
/* End PBXGroup section */

/* Begin PBXNativeTarget section */
		3C3DB33F28F5EC5800FB4E0D /* TestCoreLocation */ = {
			isa = PBXNativeTarget;
			buildConfigurationList = 3C3DB34E28F5EC5800FB4E0D /* Build configuration list for PBXNativeTarget "TestCoreLocation" */;
			buildPhases = (
				3C3DB33C28F5EC5800FB4E0D /* Sources */,
				3C3DB33D28F5EC5800FB4E0D /* Frameworks */,
				3C3DB33E28F5EC5800FB4E0D /* Resources */,
			);
			buildRules = (
			);
			dependencies = (
			);
			name = TestCoreLocation;
			productName = TestCoreLocation;
			productReference = 3C3DB34028F5EC5800FB4E0D /* TestCoreLocation.app */;
			productType = "com.apple.product-type.application";
		};
/* End PBXNativeTarget section */

/* Begin PBXProject section */
		3C3DB33828F5EC5800FB4E0D /* Project object */ = {
			isa = PBXProject;
			attributes = {
				BuildIndependentTargetsInParallel = 1;
				LastSwiftUpdateCheck = 1400;
				LastUpgradeCheck = 1400;
				TargetAttributes = {
					3C3DB33F28F5EC5800FB4E0D = {
						CreatedOnToolsVersion = 14.0.1;
					};
				};
			};
			buildConfigurationList = 3C3DB33B28F5EC5800FB4E0D /* Build configuration list for PBXProject "TestCoreLocation" */;
			compatibilityVersion = "Xcode 14.0";
			developmentRegion = en;
			hasScannedForEncodings = 0;
			knownRegions = (
				en,
				Base,
			);
			mainGroup = 3C3DB33728F5EC5800FB4E0D;
			productRefGroup = 3C3DB34128F5EC5800FB4E0D /* Products */;
			projectDirPath = "";
			projectRoot = "";
			targets = (
				3C3DB33F28F5EC5800FB4E0D /* TestCoreLocation */,
			);
		};
/* End PBXProject section */

/* Begin PBXResourcesBuildPhase section */
		3C3DB33E28F5EC5800FB4E0D /* Resources */ = {
			isa = PBXResourcesBuildPhase;
			buildActionMask = 2147483647;
			files = (
				3C3DB34B28F5EC5800FB4E0D /* Preview Assets.xcassets in Resources */,
				3C3DB34828F5EC5800FB4E0D /* Assets.xcassets in Resources */,
			);
			runOnlyForDeploymentPostprocessing = 0;
		};
/* End PBXResourcesBuildPhase section */

/* Begin PBXSourcesBuildPhase section */
		3C3DB33C28F5EC5800FB4E0D /* Sources */ = {
			isa = PBXSourcesBuildPhase;
			buildActionMask = 2147483647;
			files = (
				3C3DB35428F5EDD400FB4E0D /* LocationManager.swift in Sources */,
				3C9A08D728F9E50A009E622D /* WeatherViewModel.swift in Sources */,
				3C3DB34628F5EC5800FB4E0D /* ContentView.swift in Sources */,
				3C9A08D428F9E01E009E622D /* LocationValuesConverterViewModel.swift in Sources */,
				3C3DB35228F5EDBE00FB4E0D /* LocationRequestView.swift in Sources */,
				3C3DB34428F5EC5800FB4E0D /* TestCoreLocationApp.swift in Sources */,
			);
			runOnlyForDeploymentPostprocessing = 0;
		};
/* End PBXSourcesBuildPhase section */

/* Begin XCBuildConfiguration section */
		3C3DB34C28F5EC5800FB4E0D /* Debug */ = {
			isa = XCBuildConfiguration;
			buildSettings = {
				ALWAYS_SEARCH_USER_PATHS = NO;
				CLANG_ANALYZER_NONNULL = YES;
				CLANG_ANALYZER_NUMBER_OBJECT_CONVERSION = YES_AGGRESSIVE;
				CLANG_CXX_LANGUAGE_STANDARD = "gnu++20";
				CLANG_ENABLE_MODULES = YES;
				CLANG_ENABLE_OBJC_ARC = YES;
				CLANG_ENABLE_OBJC_WEAK = YES;
				CLANG_WARN_BLOCK_CAPTURE_AUTORELEASING = YES;
				CLANG_WARN_BOOL_CONVERSION = YES;
				CLANG_WARN_COMMA = YES;
				CLANG_WARN_CONSTANT_CONVERSION = YES;
				CLANG_WARN_DEPRECATED_OBJC_IMPLEMENTATIONS = YES;
				CLANG_WARN_DIRECT_OBJC_ISA_USAGE = YES_ERROR;
				CLANG_WARN_DOCUMENTATION_COMMENTS = YES;
				CLANG_WARN_EMPTY_BODY = YES;
				CLANG_WARN_ENUM_CONVERSION = YES;
				CLANG_WARN_INFINITE_RECURSION = YES;
				CLANG_WARN_INT_CONVERSION = YES;
				CLANG_WARN_NON_LITERAL_NULL_CONVERSION = YES;
				CLANG_WARN_OBJC_IMPLICIT_RETAIN_SELF = YES;
				CLANG_WARN_OBJC_LITERAL_CONVERSION = YES;
				CLANG_WARN_OBJC_ROOT_CLASS = YES_ERROR;
				CLANG_WARN_QUOTED_INCLUDE_IN_FRAMEWORK_HEADER = YES;
				CLANG_WARN_RANGE_LOOP_ANALYSIS = YES;
				CLANG_WARN_STRICT_PROTOTYPES = YES;
				CLANG_WARN_SUSPICIOUS_MOVE = YES;
				CLANG_WARN_UNGUARDED_AVAILABILITY = YES_AGGRESSIVE;
				CLANG_WARN_UNREACHABLE_CODE = YES;
				CLANG_WARN__DUPLICATE_METHOD_MATCH = YES;
				COPY_PHASE_STRIP = NO;
				DEBUG_INFORMATION_FORMAT = dwarf;
				ENABLE_STRICT_OBJC_MSGSEND = YES;
				ENABLE_TESTABILITY = YES;
				GCC_C_LANGUAGE_STANDARD = gnu11;
				GCC_DYNAMIC_NO_PIC = NO;
				GCC_NO_COMMON_BLOCKS = YES;
				GCC_OPTIMIZATION_LEVEL = 0;
				GCC_PREPROCESSOR_DEFINITIONS = (
					"DEBUG=1",
					"$(inherited)",
				);
				GCC_WARN_64_TO_32_BIT_CONVERSION = YES;
				GCC_WARN_ABOUT_RETURN_TYPE = YES_ERROR;
				GCC_WARN_UNDECLARED_SELECTOR = YES;
				GCC_WARN_UNINITIALIZED_AUTOS = YES_AGGRESSIVE;
				GCC_WARN_UNUSED_FUNCTION = YES;
				GCC_WARN_UNUSED_VARIABLE = YES;
				IPHONEOS_DEPLOYMENT_TARGET = 16.0;
				MTL_ENABLE_DEBUG_INFO = INCLUDE_SOURCE;
				MTL_FAST_MATH = YES;
				ONLY_ACTIVE_ARCH = YES;
				SDKROOT = iphoneos;
				SWIFT_ACTIVE_COMPILATION_CONDITIONS = DEBUG;
				SWIFT_OPTIMIZATION_LEVEL = "-Onone";
			};
			name = Debug;
		};
		3C3DB34D28F5EC5800FB4E0D /* Release */ = {
			isa = XCBuildConfiguration;
			buildSettings = {
				ALWAYS_SEARCH_USER_PATHS = NO;
				CLANG_ANALYZER_NONNULL = YES;
				CLANG_ANALYZER_NUMBER_OBJECT_CONVERSION = YES_AGGRESSIVE;
				CLANG_CXX_LANGUAGE_STANDARD = "gnu++20";
				CLANG_ENABLE_MODULES = YES;
				CLANG_ENABLE_OBJC_ARC = YES;
				CLANG_ENABLE_OBJC_WEAK = YES;
				CLANG_WARN_BLOCK_CAPTURE_AUTORELEASING = YES;
				CLANG_WARN_BOOL_CONVERSION = YES;
				CLANG_WARN_COMMA = YES;
				CLANG_WARN_CONSTANT_CONVERSION = YES;
				CLANG_WARN_DEPRECATED_OBJC_IMPLEMENTATIONS = YES;
				CLANG_WARN_DIRECT_OBJC_ISA_USAGE = YES_ERROR;
				CLANG_WARN_DOCUMENTATION_COMMENTS = YES;
				CLANG_WARN_EMPTY_BODY = YES;
				CLANG_WARN_ENUM_CONVERSION = YES;
				CLANG_WARN_INFINITE_RECURSION = YES;
				CLANG_WARN_INT_CONVERSION = YES;
				CLANG_WARN_NON_LITERAL_NULL_CONVERSION = YES;
				CLANG_WARN_OBJC_IMPLICIT_RETAIN_SELF = YES;
				CLANG_WARN_OBJC_LITERAL_CONVERSION = YES;
				CLANG_WARN_OBJC_ROOT_CLASS = YES_ERROR;
				CLANG_WARN_QUOTED_INCLUDE_IN_FRAMEWORK_HEADER = YES;
				CLANG_WARN_RANGE_LOOP_ANALYSIS = YES;
				CLANG_WARN_STRICT_PROTOTYPES = YES;
				CLANG_WARN_SUSPICIOUS_MOVE = YES;
				CLANG_WARN_UNGUARDED_AVAILABILITY = YES_AGGRESSIVE;
				CLANG_WARN_UNREACHABLE_CODE = YES;
				CLANG_WARN__DUPLICATE_METHOD_MATCH = YES;
				COPY_PHASE_STRIP = NO;
				DEBUG_INFORMATION_FORMAT = "dwarf-with-dsym";
				ENABLE_NS_ASSERTIONS = NO;
				ENABLE_STRICT_OBJC_MSGSEND = YES;
				GCC_C_LANGUAGE_STANDARD = gnu11;
				GCC_NO_COMMON_BLOCKS = YES;
				GCC_WARN_64_TO_32_BIT_CONVERSION = YES;
				GCC_WARN_ABOUT_RETURN_TYPE = YES_ERROR;
				GCC_WARN_UNDECLARED_SELECTOR = YES;
				GCC_WARN_UNINITIALIZED_AUTOS = YES_AGGRESSIVE;
				GCC_WARN_UNUSED_FUNCTION = YES;
				GCC_WARN_UNUSED_VARIABLE = YES;
				IPHONEOS_DEPLOYMENT_TARGET = 16.0;
				MTL_ENABLE_DEBUG_INFO = NO;
				MTL_FAST_MATH = YES;
				SDKROOT = iphoneos;
				SWIFT_COMPILATION_MODE = wholemodule;
				SWIFT_OPTIMIZATION_LEVEL = "-O";
				VALIDATE_PRODUCT = YES;
			};
			name = Release;
		};
		3C3DB34F28F5EC5800FB4E0D /* Debug */ = {
			isa = XCBuildConfiguration;
			buildSettings = {
				ASSETCATALOG_COMPILER_APPICON_NAME = AppIcon;
				ASSETCATALOG_COMPILER_GLOBAL_ACCENT_COLOR_NAME = AccentColor;
				CODE_SIGN_ENTITLEMENTS = TestCoreLocation/TestCoreLocation.entitlements;
				CODE_SIGN_STYLE = Automatic;
				CURRENT_PROJECT_VERSION = 1;
				DEVELOPMENT_ASSET_PATHS = "\"TestCoreLocation/Preview Content\"";
				DEVELOPMENT_TEAM = 99M75C322U;
				ENABLE_PREVIEWS = YES;
				GENERATE_INFOPLIST_FILE = YES;
				INFOPLIST_FILE = TestCoreLocation/Info.plist;
				INFOPLIST_KEY_NSLocationWhenInUseUsageDescription = "We need your location for use metrics about your futur sport sessions";
				INFOPLIST_KEY_UIApplicationSceneManifest_Generation = YES;
				INFOPLIST_KEY_UIApplicationSupportsIndirectInputEvents = YES;
				INFOPLIST_KEY_UILaunchScreen_Generation = YES;
				INFOPLIST_KEY_UISupportedInterfaceOrientations_iPad = "UIInterfaceOrientationPortrait UIInterfaceOrientationPortraitUpsideDown UIInterfaceOrientationLandscapeLeft UIInterfaceOrientationLandscapeRight";
				INFOPLIST_KEY_UISupportedInterfaceOrientations_iPhone = "UIInterfaceOrientationPortrait UIInterfaceOrientationLandscapeLeft UIInterfaceOrientationLandscapeRight";
				LD_RUNPATH_SEARCH_PATHS = (
					"$(inherited)",
					"@executable_path/Frameworks",
				);
				MARKETING_VERSION = 1.0;
				PRODUCT_BUNDLE_IDENTIFIER = com.elliot.knight.TestCoreLocation;
				PRODUCT_NAME = "$(TARGET_NAME)";
				SWIFT_EMIT_LOC_STRINGS = YES;
				SWIFT_VERSION = 5.0;
				TARGETED_DEVICE_FAMILY = "1,2";
			};
			name = Debug;
		};
		3C3DB35028F5EC5800FB4E0D /* Release */ = {
			isa = XCBuildConfiguration;
			buildSettings = {
				ASSETCATALOG_COMPILER_APPICON_NAME = AppIcon;
				ASSETCATALOG_COMPILER_GLOBAL_ACCENT_COLOR_NAME = AccentColor;
				CODE_SIGN_ENTITLEMENTS = TestCoreLocation/TestCoreLocation.entitlements;
				CODE_SIGN_STYLE = Automatic;
				CURRENT_PROJECT_VERSION = 1;
				DEVELOPMENT_ASSET_PATHS = "\"TestCoreLocation/Preview Content\"";
				DEVELOPMENT_TEAM = 99M75C322U;
				ENABLE_PREVIEWS = YES;
				GENERATE_INFOPLIST_FILE = YES;
				INFOPLIST_FILE = TestCoreLocation/Info.plist;
				INFOPLIST_KEY_NSLocationWhenInUseUsageDescription = "We need your location for use metrics about your futur sport sessions";
				INFOPLIST_KEY_UIApplicationSceneManifest_Generation = YES;
				INFOPLIST_KEY_UIApplicationSupportsIndirectInputEvents = YES;
				INFOPLIST_KEY_UILaunchScreen_Generation = YES;
				INFOPLIST_KEY_UISupportedInterfaceOrientations_iPad = "UIInterfaceOrientationPortrait UIInterfaceOrientationPortraitUpsideDown UIInterfaceOrientationLandscapeLeft UIInterfaceOrientationLandscapeRight";
				INFOPLIST_KEY_UISupportedInterfaceOrientations_iPhone = "UIInterfaceOrientationPortrait UIInterfaceOrientationLandscapeLeft UIInterfaceOrientationLandscapeRight";
				LD_RUNPATH_SEARCH_PATHS = (
					"$(inherited)",
					"@executable_path/Frameworks",
				);
				MARKETING_VERSION = 1.0;
				PRODUCT_BUNDLE_IDENTIFIER = com.elliot.knight.TestCoreLocation;
				PRODUCT_NAME = "$(TARGET_NAME)";
				SWIFT_EMIT_LOC_STRINGS = YES;
				SWIFT_VERSION = 5.0;
				TARGETED_DEVICE_FAMILY = "1,2";
			};
			name = Release;
		};
/* End XCBuildConfiguration section */

/* Begin XCConfigurationList section */
		3C3DB33B28F5EC5800FB4E0D /* Build configuration list for PBXProject "TestCoreLocation" */ = {
			isa = XCConfigurationList;
			buildConfigurations = (
				3C3DB34C28F5EC5800FB4E0D /* Debug */,
				3C3DB34D28F5EC5800FB4E0D /* Release */,
			);
			defaultConfigurationIsVisible = 0;
			defaultConfigurationName = Release;
		};
		3C3DB34E28F5EC5800FB4E0D /* Build configuration list for PBXNativeTarget "TestCoreLocation" */ = {
			isa = XCConfigurationList;
			buildConfigurations = (
				3C3DB34F28F5EC5800FB4E0D /* Debug */,
				3C3DB35028F5EC5800FB4E0D /* Release */,
			);
			defaultConfigurationIsVisible = 0;
			defaultConfigurationName = Release;
		};
/* End XCConfigurationList section */
	};
	rootObject = 3C3DB33828F5EC5800FB4E0D /* Project object */;
}
